
Microsoft Visual Studio Solution File, Format Version 12.00
# Visual Studio 15
VisualStudioVersion = 15.0.28307.902
MinimumVisualStudioVersion = 10.0.40219.1
Project("{FAE04EC0-301F-11D3-BF4B-00C04F79EFBC}") = "StartAzure", "StartAzure\StartAzure.csproj", "{81DC8984-8CC6-448C-B5F6-9E78D4AA0FAE}"
EndProject
Global
	GlobalSection(SolutionConfigurationPlatforms) = preSolution
		Debug|Any CPU = Debug|Any CPU
		Release|Any CPU = Release|Any CPU
	EndGlobalSection
	GlobalSection(ProjectConfigurationPlatforms) = postSolution
		{81DC8984-8CC6-448C-B5F6-9E78D4AA0FAE}.Debug|Any CPU.ActiveCfg = Debug|Any CPU
		{81DC8984-8CC6-448C-B5F6-9E78D4AA0FAE}.Debug|Any CPU.Build.0 = Debug|Any CPU
		{81DC8984-8CC6-448C-B5F6-9E78D4AA0FAE}.Release|Any CPU.ActiveCfg = Release|Any CPU
		{81DC8984-8CC6-448C-B5F6-9E78D4AA0FAE}.Release|Any CPU.Build.0 = Release|Any CPU
	EndGlobalSection
	GlobalSection(SolutionProperties) = preSolution
		HideSolutionNode = FALSE
	EndGlobalSection
	GlobalSection(ExtensibilityGlobals) = postSolution
		SolutionGuid = {BB8812BD-14FE-44B9-9836-CF25FFDA11F9}
	EndGlobalSection
EndGlobal
